{
  "name": "examples",
  "version": "1.0.0",
  "lockfileVersion": 2,
  "requires": true,
  "packages": {
    "": {
      "name": "examples",
      "version": "1.0.0",
      "license": "ISC",
      "dependencies": {
        "fiction-ui": "^1.0.4"
      }
    },
    "../packages/components": {
      "name": "fiction-ui",
      "version": "1.0.4",
      "extraneous": true,
      "license": "MIT",
      "dependencies": {
        "@fiction-ui/utils": "workspace:2.0.4"
      }
    },
    "../packages/utils": {
      "name": "@fiction-ui/utils",
      "version": "2.0.4",
      "extraneous": true,
      "license": "MIT"
    },
    "node_modules/@fiction-ui/utils": {
      "version": "2.0.4",
      "resolved": "http://npm.internal.taqu.cn/@fiction-ui%2futils/-/utils-2.0.4.tgz",
      "integrity": "sha512-9cLVIuHUcQz8XltnP5AzBN9smzJ1pTUB/vpKTEI9oBKLRXM2IwRf121Dk2zE137PwR/FcDJpyPXpyijjAwKM0Q==",
      "license": "MIT"
    },
    "node_modules/fiction-ui": {
      "version": "1.0.4",
      "resolved": "http://npm.internal.taqu.cn/fiction-ui/-/fiction-ui-1.0.4.tgz",
      "integrity": "sha512-cuiV7ZYpAmPAyPifClqHQxGB9VPfaLQksFGmgBPyd7cRx+x/V00s6tnis+ivFQX/BWt7+7afU78JTEomN5Dt2w==",
      "license": "MIT",
      "dependencies": {
        "@fiction-ui/utils": "2.0.4"
      }
    }
  },
  "dependencies": {
    "@fiction-ui/utils": {
      "version": "2.0.4",
      "resolved": "http://npm.internal.taqu.cn/@fiction-ui%2futils/-/utils-2.0.4.tgz",
      "integrity": "sha512-9cLVIuHUcQz8XltnP5AzBN9smzJ1pTUB/vpKTEI9oBKLRXM2IwRf121Dk2zE137PwR/FcDJpyPXpyijjAwKM0Q=="
    },
    "fiction-ui": {
      "version": "1.0.4",
      "resolved": "http://npm.internal.taqu.cn/fiction-ui/-/fiction-ui-1.0.4.tgz",
      "integrity": "sha512-cuiV7ZYpAmPAyPifClqHQxGB9VPfaLQksFGmgBPyd7cRx+x/V00s6tnis+ivFQX/BWt7+7afU78JTEomN5Dt2w==",
      "requires": {
        "@fiction-ui/utils": "2.0.4"
      }
    }
  }
}
